version = 1
revision = 3
requires-python = ">=3.13"

[[package]]
name = "anyio"
version = "4.11.0"
source = { registry = "https://pypi.org/simple" }
dependencies = [
    { name = "idna" },
    { name = "sniffio" },
]
sdist = { url = "https://files.pythonhosted.org/packages/c6/78/7d432127c41b50bccba979505f272c16cbcadcc33645d5fa3a738110ae75/anyio-4.11.0.tar.gz", hash = "sha256:82a8d0b81e318cc5ce71a5f1f8b5c4e63619620b63141ef8c995fa0db95a57c4", size = 219094, upload-time = "2025-09-23T09:19:12.58Z" }
wheels = [
    { url = "https://files.pythonhosted.org/packages/15/b3/9b1a8074496371342ec1e796a96f99c82c945a339cd81a8e73de28b4cf9e/anyio-4.11.0-py3-none-any.whl", hash = "sha256:0287e96f4d26d4149305414d4e3bc32f0dcd0862365a4bddea19d7a1ec38c4fc", size = 109097, upload-time = "2025-09-23T09:19:10.601Z" },
]

[[package]]
name = "certifi"
version = "2025.10.5"
source = { registry = "https://pypi.org/simple" }
sdist = { url = "https://files.pythonhosted.org/packages/4c/5b/b6ce21586237c77ce67d01dc5507039d444b630dd76611bbca2d8e5dcd91/certifi-2025.10.5.tar.gz", hash = "sha256:47c09d31ccf2acf0be3f701ea53595ee7e0b8fa08801c6624be771df09ae7b43", size = 164519, upload-time = "2025-10-05T04:12:15.808Z" }
wheels = [
    { url = "https://files.pythonhosted.org/packages/e4/37/af0d2ef3967ac0d6113837b44a4f0bfe1328c2b9763bd5b1744520e5cfed/certifi-2025.10.5-py3-none-any.whl", hash = "sha256:0f212c2744a9bb6de0c56639a6f68afe01ecd92d91f14ae897c4fe7bbeeef0de", size = 163286, upload-time = "2025-10-05T04:12:14.03Z" },
]

[[package]]
name = "h11"
version = "0.16.0"
source = { registry = "https://pypi.org/simple" }
sdist = { url = "https://files.pythonhosted.org/packages/01/ee/02a2c011bdab74c6fb3c75474d40b3052059d95df7e73351460c8588d963/h11-0.16.0.tar.gz", hash = "sha256:4e35b956cf45792e4caa5885e69fba00bdbc6ffafbfa020300e549b208ee5ff1", size = 101250, upload-time = "2025-04-24T03:35:25.427Z" }
wheels = [
    { url = "https://files.pythonhosted.org/packages/04/4b/29cac41a4d98d144bf5f6d33995617b185d14b22401f75ca86f384e87ff1/h11-0.16.0-py3-none-any.whl", hash = "sha256:63cf8bbe7522de3bf65932fda1d9c2772064ffb3dae62d55932da54b31cb6c86", size = 37515, upload-time = "2025-04-24T03:35:24.344Z" },
]

[[package]]
name = "httpcore"
version = "1.0.9"
source = { registry = "https://pypi.org/simple" }
dependencies = [
    { name = "certifi" },
    { name = "h11" },
]
sdist = { url = "https://files.pythonhosted.org/packages/06/94/82699a10bca87a5556c9c59b5963f2d039dbd239f25bc2a63907a05a14cb/httpcore-1.0.9.tar.gz", hash = "sha256:6e34463af53fd2ab5d807f399a9b45ea31c3dfa2276f15a2c3f00afff6e176e8", size = 85484, upload-time = "2025-04-24T22:06:22.219Z" }
wheels = [
    { url = "https://files.pythonhosted.org/packages/7e/f5/f66802a942d491edb555dd61e3a9961140fd64c90bce1eafd741609d334d/httpcore-1.0.9-py3-none-any.whl", hash = "sha256:2d400746a40668fc9dec9810239072b40b4484b640a8c38fd654a024c7a1bf55", size = 78784, upload-time = "2025-04-24T22:06:20.566Z" },
]

[[package]]
name = "httpx"
version = "0.28.1"
source = { registry = "https://pypi.org/simple" }
dependencies = [
    { name = "anyio" },
    { name = "certifi" },
    { name = "httpcore" },
    { name = "idna" },
]
sdist = { url = "https://files.pythonhosted.org/packages/b1/df/48c586a5fe32a0f01324ee087459e112ebb7224f646c0b5023f5e79e9956/httpx-0.28.1.tar.gz", hash = "sha256:75e98c5f16b0f35b567856f597f06ff2270a374470a5c2392242528e3e3e42fc", size = 141406, upload-time = "2024-12-06T15:37:23.222Z" }
wheels = [
    { url = "https://files.pythonhosted.org/packages/2a/39/e50c7c3a983047577ee07d2a9e53faf5a69493943ec3f6a384bdc792deb2/httpx-0.28.1-py3-none-any.whl", hash = "sha256:d909fcccc110f8c7faf814ca82a9a4d816bc5a6dbfea25d6591d6985b8ba59ad", size = 73517, upload-time = "2024-12-06T15:37:21.509Z" },
]

[[package]]
name = "idna"
version = "3.11"
source = { registry = "https://pypi.org/simple" }
sdist = { url = "https://files.pythonhosted.org/packages/6f/6d/0703ccc57f3a7233505399edb88de3cbd678da106337b9fcde432b65ed60/idna-3.11.tar.gz", hash = "sha256:795dafcc9c04ed0c1fb032c2aa73654d8e8c5023a7df64a53f39190ada629902", size = 194582, upload-time = "2025-10-12T14:55:20.501Z" }
wheels = [
    { url = "https://files.pythonhosted.org/packages/0e/61/66938bbb5fc52dbdf84594873d5b51fb1f7c7794e9c0f5bd885f30bc507b/idna-3.11-py3-none-any.whl", hash = "sha256:771a87f49d9defaf64091e6e6fe9c18d4833f140bd19464795bc32d966ca37ea", size = 71008, upload-time = "2025-10-12T14:55:18.883Z" },
]

[[package]]
name = "ruff"
version = "0.14.2"
source = { registry = "https://pypi.org/simple" }
sdist = { url = "https://files.pythonhosted.org/packages/ee/34/8218a19b2055b80601e8fd201ec723c74c7fe1ca06d525a43ed07b6d8e85/ruff-0.14.2.tar.gz", hash = "sha256:98da787668f239313d9c902ca7c523fe11b8ec3f39345553a51b25abc4629c96", size = 5539663, upload-time = "2025-10-23T19:37:00.956Z" }
wheels = [
    { url = "https://files.pythonhosted.org/packages/16/dd/23eb2db5ad9acae7c845700493b72d3ae214dce0b226f27df89216110f2b/ruff-0.14.2-py3-none-linux_armv6l.whl", hash = "sha256:7cbe4e593505bdec5884c2d0a4d791a90301bc23e49a6b1eb642dd85ef9c64f1", size = 12533390, upload-time = "2025-10-23T19:36:18.044Z" },
    { url = "https://files.pythonhosted.org/packages/5a/8c/5f9acff43ddcf3f85130d0146d0477e28ccecc495f9f684f8f7119b74c0d/ruff-0.14.2-py3-none-macosx_10_12_x86_64.whl", hash = "sha256:8d54b561729cee92f8d89c316ad7a3f9705533f5903b042399b6ae0ddfc62e11", size = 12887187, upload-time = "2025-10-23T19:36:22.664Z" },
    { url = "https://files.pythonhosted.org/packages/99/fa/047646491479074029665022e9f3dc6f0515797f40a4b6014ea8474c539d/ruff-0.14.2-py3-none-macosx_11_0_arm64.whl", hash = "sha256:5c8753dfa44ebb2cde10ce5b4d2ef55a41fb9d9b16732a2c5df64620dbda44a3", size = 11925177, upload-time = "2025-10-23T19:36:24.778Z" },
    { url = "https://files.pythonhosted.org/packages/15/8b/c44cf7fe6e59ab24a9d939493a11030b503bdc2a16622cede8b7b1df0114/ruff-0.14.2-py3-none-manylinux_2_17_aarch64.manylinux2014_aarch64.whl", hash = "sha256:3d0bbeffb8d9f4fccf7b5198d566d0bad99a9cb622f1fc3467af96cb8773c9e3", size = 12358285, upload-time = "2025-10-23T19:36:26.979Z" },
    { url = "https://files.pythonhosted.org/packages/45/01/47701b26254267ef40369aea3acb62a7b23e921c27372d127e0f3af48092/ruff-0.14.2-py3-none-manylinux_2_17_armv7l.manylinux2014_armv7l.whl", hash = "sha256:7047f0c5a713a401e43a88d36843d9c83a19c584e63d664474675620aaa634a8", size = 12303832, upload-time = "2025-10-23T19:36:29.192Z" },
    { url = "https://files.pythonhosted.org/packages/2d/5c/ae7244ca4fbdf2bee9d6405dcd5bc6ae51ee1df66eb7a9884b77b8af856d/ruff-0.14.2-py3-none-manylinux_2_17_i686.manylinux2014_i686.whl", hash = "sha256:3bf8d2f9aa1602599217d82e8e0af7fd33e5878c4d98f37906b7c93f46f9a839", size = 13036995, upload-time = "2025-10-23T19:36:31.861Z" },
    { url = "https://files.pythonhosted.org/packages/27/4c/0860a79ce6fd4c709ac01173f76f929d53f59748d0dcdd662519835dae43/ruff-0.14.2-py3-none-manylinux_2_17_ppc64.manylinux2014_ppc64.whl", hash = "sha256:1c505b389e19c57a317cf4b42db824e2fca96ffb3d86766c1c9f8b96d32048a7", size = 14512649, upload-time = "2025-10-23T19:36:33.915Z" },
    { url = "https://files.pythonhosted.org/packages/7f/7f/d365de998069720a3abfc250ddd876fc4b81a403a766c74ff9bde15b5378/ruff-0.14.2-py3-none-manylinux_2_17_ppc64le.manylinux2014_ppc64le.whl", hash = "sha256:a307fc45ebd887b3f26b36d9326bb70bf69b01561950cdcc6c0bdf7bb8e0f7cc", size = 14088182, upload-time = "2025-10-23T19:36:36.983Z" },
    { url = "https://files.pythonhosted.org/packages/6c/ea/d8e3e6b209162000a7be1faa41b0a0c16a133010311edc3329753cc6596a/ruff-0.14.2-py3-none-manylinux_2_17_s390x.manylinux2014_s390x.whl", hash = "sha256:61ae91a32c853172f832c2f40bd05fd69f491db7289fb85a9b941ebdd549781a", size = 13599516, upload-time = "2025-10-23T19:36:39.208Z" },
    { url = "https://files.pythonhosted.org/packages/fa/ea/c7810322086db68989fb20a8d5221dd3b79e49e396b01badca07b433ab45/ruff-0.14.2-py3-none-manylinux_2_17_x86_64.manylinux2014_x86_64.whl", hash = "sha256:bc1967e40286f63ee23c615e8e7e98098dedc7301568bd88991f6e544d8ae096", size = 13272690, upload-time = "2025-10-23T19:36:41.453Z" },
    { url = "https://files.pythonhosted.org/packages/a9/39/10b05acf8c45786ef501d454e00937e1b97964f846bf28883d1f9619928a/ruff-0.14.2-py3-none-manylinux_2_31_riscv64.whl", hash = "sha256:2877f02119cdebf52a632d743a2e302dea422bfae152ebe2f193d3285a3a65df", size = 13496497, upload-time = "2025-10-23T19:36:43.61Z" },
    { url = "https://files.pythonhosted.org/packages/59/a1/1f25f8301e13751c30895092485fada29076e5e14264bdacc37202e85d24/ruff-0.14.2-py3-none-musllinux_1_2_aarch64.whl", hash = "sha256:e681c5bc777de5af898decdcb6ba3321d0d466f4cb43c3e7cc2c3b4e7b843a05", size = 12266116, upload-time = "2025-10-23T19:36:45.625Z" },
    { url = "https://files.pythonhosted.org/packages/5c/fa/0029bfc9ce16ae78164e6923ef392e5f173b793b26cc39aa1d8b366cf9dc/ruff-0.14.2-py3-none-musllinux_1_2_armv7l.whl", hash = "sha256:e21be42d72e224736f0c992cdb9959a2fa53c7e943b97ef5d081e13170e3ffc5", size = 12281345, upload-time = "2025-10-23T19:36:47.618Z" },
    { url = "https://files.pythonhosted.org/packages/a5/ab/ece7baa3c0f29b7683be868c024f0838770c16607bea6852e46b202f1ff6/ruff-0.14.2-py3-none-musllinux_1_2_i686.whl", hash = "sha256:b8264016f6f209fac16262882dbebf3f8be1629777cf0f37e7aff071b3e9b92e", size = 12629296, upload-time = "2025-10-23T19:36:49.789Z" },
    { url = "https://files.pythonhosted.org/packages/a4/7f/638f54b43f3d4e48c6a68062794e5b367ddac778051806b9e235dfb7aa81/ruff-0.14.2-py3-none-musllinux_1_2_x86_64.whl", hash = "sha256:5ca36b4cb4db3067a3b24444463ceea5565ea78b95fe9a07ca7cb7fd16948770", size = 13371610, upload-time = "2025-10-23T19:36:51.882Z" },
    { url = "https://files.pythonhosted.org/packages/8d/35/3654a973ebe5b32e1fd4a08ed2d46755af7267da7ac710d97420d7b8657d/ruff-0.14.2-py3-none-win32.whl", hash = "sha256:41775927d287685e08f48d8eb3f765625ab0b7042cc9377e20e64f4eb0056ee9", size = 12415318, upload-time = "2025-10-23T19:36:53.961Z" },
    { url = "https://files.pythonhosted.org/packages/71/30/3758bcf9e0b6a4193a6f51abf84254aba00887dfa8c20aba18aa366c5f57/ruff-0.14.2-py3-none-win_amd64.whl", hash = "sha256:0df3424aa5c3c08b34ed8ce099df1021e3adaca6e90229273496b839e5a7e1af", size = 13565279, upload-time = "2025-10-23T19:36:56.578Z" },
    { url = "https://files.pythonhosted.org/packages/2e/5d/aa883766f8ef9ffbe6aa24f7192fb71632f31a30e77eb39aa2b0dc4290ac/ruff-0.14.2-py3-none-win_arm64.whl", hash = "sha256:ea9d635e83ba21569fbacda7e78afbfeb94911c9434aff06192d9bc23fd5495a", size = 12554956, upload-time = "2025-10-23T19:36:58.714Z" },
]

[[package]]
name = "sniffio"
version = "1.3.1"
source = { registry = "https://pypi.org/simple" }
sdist = { url = "https://files.pythonhosted.org/packages/a2/87/a6771e1546d97e7e041b6ae58d80074f81b7d5121207425c964ddf5cfdbd/sniffio-1.3.1.tar.gz", hash = "sha256:f4324edc670a0f49750a81b895f35c3adb843cca46f0530f79fc1babb23789dc", size = 20372, upload-time = "2024-02-25T23:20:04.057Z" }
wheels = [
    { url = "https://files.pythonhosted.org/packages/e9/44/75a9c9421471a6c4805dbf2356f7c181a29c1879239abab1ea2cc8f38b40/sniffio-1.3.1-py3-none-any.whl", hash = "sha256:2f6da418d1f1e0fddd844478f41680e794e6051915791a034ff65e5f100525a2", size = 10235, upload-time = "2024-02-25T23:20:01.196Z" },
]

[[package]]
name = "tailscale-api"
version = "2025.1"
source = { editable = "." }
dependencies = [
    { name = "httpx" },
]

[package.dev-dependencies]
dev = [
    { name = "ruff" },
    { name = "uv-build" },
]

[package.metadata]
requires-dist = [{ name = "httpx", specifier = ">=0.28.1" }]

[package.metadata.requires-dev]
dev = [
    { name = "ruff", specifier = ">=0.14.0" },
    { name = "uv-build", specifier = ">=0.9.3" },
]

[[package]]
name = "uv-build"
version = "0.9.5"
source = { registry = "https://pypi.org/simple" }
sdist = { url = "https://files.pythonhosted.org/packages/2c/60/40249c79638b73819bde2936f3dce1474e515870aad13f6b45eec80ec9fa/uv_build-0.9.5.tar.gz", hash = "sha256:84d79d5937a2fdb9fefc7da897ec77727177d2690adbac61f542ba6c84eef4ac", size = 332137, upload-time = "2025-10-21T16:50:10.159Z" }
wheels = [
    { url = "https://files.pythonhosted.org/packages/79/f7/616ccba49e86f88956d3ca3c4ee3b8629e5c0a065ba4d9a70f1f1bbdc81e/uv_build-0.9.5-py3-none-linux_armv6l.whl", hash = "sha256:257cc23dd81c675cad5d82abfae1d5dcfb3a85c9b6ed3f1e82c1b552126e9190", size = 1400468, upload-time = "2025-10-21T16:49:41.418Z" },
    { url = "https://files.pythonhosted.org/packages/c6/22/8a2328bbad0bbf5bf2e901e6ad3de55471f3e90262fcd40529a19b1a98e6/uv_build-0.9.5-py3-none-macosx_10_12_x86_64.whl", hash = "sha256:5fe8f907bc6dbe17164b264ee266f4a9f71209c78fe911b3aad92abb6dbcbf9f", size = 1378225, upload-time = "2025-10-21T16:49:42.894Z" },
    { url = "https://files.pythonhosted.org/packages/4b/fc/43b57cf77a43ebd08cd6900f1e48d2375746e0fc7dd85f5edacf4abda801/uv_build-0.9.5-py3-none-macosx_11_0_arm64.whl", hash = "sha256:c40fe8b623ef0741ea0807f4a834787684fbf9527c0a2a1a174ebfaef270ca1c", size = 1252582, upload-time = "2025-10-21T16:49:44.312Z" },
    { url = "https://files.pythonhosted.org/packages/d0/09/598c51753a7200c0f6885b2e64bdfd1be8d97e7dda647c92d07d33b3edec/uv_build-0.9.5-py3-none-manylinux_2_17_aarch64.manylinux2014_aarch64.musllinux_1_1_aarch64.whl", hash = "sha256:2ceed205a5f0356ec94eb3d42a26759ae609fff181d58682e30a0088af2596ba", size = 1451348, upload-time = "2025-10-21T16:49:45.369Z" },
    { url = "https://files.pythonhosted.org/packages/3b/9a/0b0ee00e0a53b20845d452128503ce053f5595aae09f27ec7e3c82132466/uv_build-0.9.5-py3-none-manylinux_2_17_armv7l.manylinux2014_armv7l.whl", hash = "sha256:a1cab0ae8acac39e9ee34b480633a4de427ef25c8e4ebddf6619d80875054bde", size = 1356143, upload-time = "2025-10-21T16:49:46.891Z" },
    { url = "https://files.pythonhosted.org/packages/8f/80/3efd93eafc62be20d1c29e07176426b0dbbda7e68a54ca1c35c3e508f5f8/uv_build-0.9.5-py3-none-manylinux_2_17_i686.manylinux2014_i686.whl", hash = "sha256:b052bcda4c2f366c358433806648f93b2b23ef622d6c80dc49ffd752a6ab9982", size = 1515410, upload-time = "2025-10-21T16:49:47.904Z" },
    { url = "https://files.pythonhosted.org/packages/67/73/ce9725f3f2f651cddb4d7e51d870353acc87f1f1c40cf9bc27e524260901/uv_build-0.9.5-py3-none-manylinux_2_17_ppc64.manylinux2014_ppc64.whl", hash = "sha256:18f7ec68cb2dbd865916d903c84d25ee6f1f1bd3cd19a5fe40225a304aa3157b", size = 1679637, upload-time = "2025-10-21T16:49:53.061Z" },
    { url = "https://files.pythonhosted.org/packages/5b/72/f8ee6f8bc2fd43c7d200f35df30067d2a8f9f4b26e1172330822ef6dc721/uv_build-0.9.5-py3-none-manylinux_2_17_ppc64le.manylinux2014_ppc64le.whl", hash = "sha256:24a5a05cd1e195ddaf313b15ec373f27a431b4e3bb5fd005713b52ec708175ec", size = 1577611, upload-time = "2025-10-21T16:49:55.343Z" },
    { url = "https://files.pythonhosted.org/packages/71/41/b6771e61e52faa1f7dd1e46d21a93024cf117bde6512e616beb64eefdbcb/uv_build-0.9.5-py3-none-manylinux_2_17_s390x.manylinux2014_s390x.whl", hash = "sha256:f1c45f8b5871392ced220aaee871b78b5dcf351b99b91045cf99d97ade669f9d", size = 1509674, upload-time = "2025-10-21T16:49:56.771Z" },
    { url = "https://files.pythonhosted.org/packages/e7/b5/bca2044ac9325e78f13a2f5eaa36565848a32833ef4fc9c89092c88a8182/uv_build-0.9.5-py3-none-manylinux_2_17_x86_64.manylinux2014_x86_64.whl", hash = "sha256:0219cc314039a77ddb250ce015eac7e2eda8395dbc639bf9e454e6624bfdfb94", size = 1491471, upload-time = "2025-10-21T16:49:58.109Z" },
    { url = "https://files.pythonhosted.org/packages/5b/60/942ff584170a0240fbcedf7a60dafa281e758670a37501c8f4d01efc34ee/uv_build-0.9.5-py3-none-manylinux_2_28_aarch64.whl", hash = "sha256:b9a16fdaacaeddacdbbc255fac802415cff9a48b88d464582e3e89fe01ef1a67", size = 1451792, upload-time = "2025-10-21T16:49:59.122Z" },
    { url = "https://files.pythonhosted.org/packages/69/28/0fdc5cd86bcbcd6b665c2bc8157d387a1d2c322e61db994eb1e37c6e2fc8/uv_build-0.9.5-py3-none-manylinux_2_31_riscv64.whl", hash = "sha256:e2c1effa4ee56359fd7ba92dbe7918d8a0098acfa6f3ceca21d64cff6c4f6977", size = 1464021, upload-time = "2025-10-21T16:50:00.109Z" },
    { url = "https://files.pythonhosted.org/packages/fb/89/ea4537757b8bd709f818c7923cc9f2c16f0866f86c087bf1fec78fff112e/uv_build-0.9.5-py3-none-musllinux_1_1_armv7l.whl", hash = "sha256:884ce933a17b67cf30cbe1bc5b559a655275668845417e13c50af0ebc50f50f3", size = 1373149, upload-time = "2025-10-21T16:50:01.363Z" },
    { url = "https://files.pythonhosted.org/packages/9f/91/fac8416b5f9ce8ad5a9896595f89147ae565d1507cb8acf3bb83191d6d0a/uv_build-0.9.5-py3-none-musllinux_1_1_i686.whl", hash = "sha256:f6fb774fe5a06067cdd5cc6a1dc12d4b7a9cd859181aa2b2ae1ca74262e8a9f6", size = 1471747, upload-time = "2025-10-21T16:50:03.047Z" },
    { url = "https://files.pythonhosted.org/packages/c5/8c/d94e0d99ea5b1ba09f169f9bd48321a80925e3c1db42d217ffce71024630/uv_build-0.9.5-py3-none-musllinux_1_1_x86_64.whl", hash = "sha256:6c76f73db932619452dfaa27885f3b9b035b8cc6824daec18996e4afd0e27cf0", size = 1551969, upload-time = "2025-10-21T16:50:04.295Z" },
    { url = "https://files.pythonhosted.org/packages/95/ea/d37bccbf472a63c48a3fde9df7d247621cefe60e450a82047dfd4c14deb1/uv_build-0.9.5-py3-none-win32.whl", hash = "sha256:c3383fe48d6c7511cd0cf7789dfc9f4cbb01aeac812b3ec8abb89612081b8368", size = 1337082, upload-time = "2025-10-21T16:50:05.834Z" },
    { url = "https://files.pythonhosted.org/packages/4b/f4/f6ef3e1ad3291575d91dbab5c83aaf1d41831d4b9d269d83319042029fdf/uv_build-0.9.5-py3-none-win_amd64.whl", hash = "sha256:565a51e829f58304725010d912d8852b20d5efef4c3c3f82288cb92bf2ee64bd", size = 1413205, upload-time = "2025-10-21T16:50:07.989Z" },
    { url = "https://files.pythonhosted.org/packages/c1/df/c4c26618d377b7cb715b75e084d02b50d87106cf1a63b21f27f54d71b2f0/uv_build-0.9.5-py3-none-win_arm64.whl", hash = "sha256:6364e81b9f293d4aa9f4c5e5a45a27d427f050d1c8f8c92ab4b6c38f7f55de57", size = 1321954, upload-time = "2025-10-21T16:50:09.06Z" },
]
